// !$*UTF8*$!
{
	archiveVersion = 1;
	classes = {
	};
	objectVersion = 50;
	objects = {

/* Begin PBXBuildFile section */
		7E534DC2239D4C07002B6DAA /* AppDelegate.swift in Sources */ = {isa = PBXBuildFile; fileRef = 7E534DC1239D4C07002B6DAA /* AppDelegate.swift */; };
		7E534DC4239D4C07002B6DAA /* SceneDelegate.swift in Sources */ = {isa = PBXBuildFile; fileRef = 7E534DC3239D4C07002B6DAA /* SceneDelegate.swift */; };
		7E534DC6239D4C07002B6DAA /* ViewController.swift in Sources */ = {isa = PBXBuildFile; fileRef = 7E534DC5239D4C07002B6DAA /* ViewController.swift */; };
		7E534DC9239D4C07002B6DAA /* Main.storyboard in Resources */ = {isa = PBXBuildFile; fileRef = 7E534DC7239D4C07002B6DAA /* Main.storyboard */; };
		7E534DCB239D4C08002B6DAA /* Assets.xcassets in Resources */ = {isa = PBXBuildFile; fileRef = 7E534DCA239D4C08002B6DAA /* Assets.xcassets */; };
		7E534DCE239D4C08002B6DAA /* LaunchScreen.storyboard in Resources */ = {isa = PBXBuildFile; fileRef = 7E534DCC239D4C08002B6DAA /* LaunchScreen.storyboard */; };
		7E534DD9239D4C08002B6DAA /* PhotosTests.swift in Sources */ = {isa = PBXBuildFile; fileRef = 7E534DD8239D4C08002B6DAA /* PhotosTests.swift */; };
/* End PBXBuildFile section */

/* Begin PBXContainerItemProxy section */
		7E534DD5239D4C08002B6DAA /* PBXContainerItemProxy */ = {
			isa = PBXContainerItemProxy;
			containerPortal = 7E534DB6239D4C07002B6DAA /* Project object */;
			proxyType = 1;
			remoteGlobalIDString = 7E534DBD239D4C07002B6DAA;
			remoteInfo = Photos;
		};
/* End PBXContainerItemProxy section */

/* Begin PBXFileReference section */
		7E534DBE239D4C07002B6DAA /* Photos.app */ = {isa = PBXFileReference; explicitFileType = wrapper.application; includeInIndex = 0; path = Photos.app; sourceTree = BUILT_PRODUCTS_DIR; };
		7E534DC1239D4C07002B6DAA /* AppDelegate.swift */ = {isa = PBXFileReference; lastKnownFileType = sourcecode.swift; path = AppDelegate.swift; sourceTree = "<group>"; };
		7E534DC3239D4C07002B6DAA /* SceneDelegate.swift */ = {isa = PBXFileReference; lastKnownFileType = sourcecode.swift; path = SceneDelegate.swift; sourceTree = "<group>"; };
		7E534DC5239D4C07002B6DAA /* ViewController.swift */ = {isa = PBXFileReference; lastKnownFileType = sourcecode.swift; path = ViewController.swift; sourceTree = "<group>"; };
		7E534DC8239D4C07002B6DAA /* Base */ = {isa = PBXFileReference; lastKnownFileType = file.storyboard; name = Base; path = Base.lproj/Main.storyboard; sourceTree = "<group>"; };
		7E534DCA239D4C08002B6DAA /* Assets.xcassets */ = {isa = PBXFileReference; lastKnownFileType = folder.assetcatalog; path = Assets.xcassets; sourceTree = "<group>"; };
		7E534DCD239D4C08002B6DAA /* Base */ = {isa = PBXFileReference; lastKnownFileType = file.storyboard; name = Base; path = Base.lproj/LaunchScreen.storyboard; sourceTree = "<group>"; };
		7E534DCF239D4C08002B6DAA /* Info.plist */ = {isa = PBXFileReference; lastKnownFileType = text.plist.xml; path = Info.plist; sourceTree = "<group>"; };
		7E534DD4239D4C08002B6DAA /* PhotosTests.xctest */ = {isa = PBXFileReference; explicitFileType = wrapper.cfbundle; includeInIndex = 0; path = PhotosTests.xctest; sourceTree = BUILT_PRODUCTS_DIR; };
		7E534DD8239D4C08002B6DAA /* PhotosTests.swift */ = {isa = PBXFileReference; lastKnownFileType = sourcecode.swift; path = PhotosTests.swift; sourceTree = "<group>"; };
		7E534DDA239D4C08002B6DAA /* Info.plist */ = {isa = PBXFileReference; lastKnownFileType = text.plist.xml; path = Info.plist; sourceTree = "<group>"; };
/* End PBXFileReference section */

/* Begin PBXFrameworksBuildPhase section */
		7E534DBB239D4C07002B6DAA /* Frameworks */ = {
			isa = PBXFrameworksBuildPhase;
			buildActionMask = 2147483647;
			files = (
			);
			runOnlyForDeploymentPostprocessing = 0;
		};
		7E534DD1239D4C08002B6DAA /* Frameworks */ = {
			isa = PBXFrameworksBuildPhase;
			buildActionMask = 2147483647;
			files = (
			);
			runOnlyForDeploymentPostprocessing = 0;
		};
/* End PBXFrameworksBuildPhase section */

/* Begin PBXGroup section */
		7E534DB5239D4C07002B6DAA = {
			isa = PBXGroup;
			children = (
				7E534DC0239D4C07002B6DAA /* Photos */,
				7E534DD7239D4C08002B6DAA /* PhotosTests */,
				7E534DBF239D4C07002B6DAA /* Products */,
			);
			sourceTree = "<group>";
		};
		7E534DBF239D4C07002B6DAA /* Products */ = {
			isa = PBXGroup;
			children = (
				7E534DBE239D4C07002B6DAA /* Photos.app */,
				7E534DD4239D4C08002B6DAA /* PhotosTests.xctest */,
			);
			name = Products;
			sourceTree = "<group>";
		};
		7E534DC0239D4C07002B6DAA /* Photos */ = {
			isa = PBXGroup;
			children = (
				7E534DC1239D4C07002B6DAA /* AppDelegate.swift */,
				7E534DC3239D4C07002B6DAA /* SceneDelegate.swift */,
				7E534DC5239D4C07002B6DAA /* ViewController.swift */,
				7E534DC7239D4C07002B6DAA /* Main.storyboard */,
				7E534DCA239D4C08002B6DAA /* Assets.xcassets */,
				7E534DCC239D4C08002B6DAA /* LaunchScreen.storyboard */,
				7E534DCF239D4C08002B6DAA /* Info.plist */,
			);
			path = Photos;
			sourceTree = "<group>";
		};
		7E534DD7239D4C08002B6DAA /* PhotosTests */ = {
			isa = PBXGroup;
			children = (
				7E534DD8239D4C08002B6DAA /* PhotosTests.swift */,
				7E534DDA239D4C08002B6DAA /* Info.plist */,
			);
			path = PhotosTests;
			sourceTree = "<group>";
		};
/* End PBXGroup section */

/* Begin PBXNativeTarget section */
		7E534DBD239D4C07002B6DAA /* Photos */ = {
			isa = PBXNativeTarget;
			buildConfigurationList = 7E534DDD239D4C08002B6DAA /* Build configuration list for PBXNativeTarget "Photos" */;
			buildPhases = (
				7E534DBA239D4C07002B6DAA /* Sources */,
				7E534DBB239D4C07002B6DAA /* Frameworks */,
				7E534DBC239D4C07002B6DAA /* Resources */,
			);
			buildRules = (
			);
			dependencies = (
			);
			name = Photos;
			productName = Photos;
			productReference = 7E534DBE239D4C07002B6DAA /* Photos.app */;
			productType = "com.apple.product-type.application";
		};
		7E534DD3239D4C08002B6DAA /* PhotosTests */ = {
			isa = PBXNativeTarget;
			buildConfigurationList = 7E534DE0239D4C08002B6DAA /* Build configuration list for PBXNativeTarget "PhotosTests" */;
			buildPhases = (
				7E534DD0239D4C08002B6DAA /* Sources */,
				7E534DD1239D4C08002B6DAA /* Frameworks */,
				7E534DD2239D4C08002B6DAA /* Resources */,
			);
			buildRules = (
			);
			dependencies = (
				7E534DD6239D4C08002B6DAA /* PBXTargetDependency */,
			);
			name = PhotosTests;
			productName = PhotosTests;
			productReference = 7E534DD4239D4C08002B6DAA /* PhotosTests.xctest */;
			productType = "com.apple.product-type.bundle.unit-test";
		};
/* End PBXNativeTarget section */

/* Begin PBXProject section */
		7E534DB6239D4C07002B6DAA /* Project object */ = {
			isa = PBXProject;
			attributes = {
				LastSwiftUpdateCheck = 1120;
				LastUpgradeCheck = 1120;
				ORGANIZATIONNAME = "Sowmya J G";
				TargetAttributes = {
					7E534DBD239D4C07002B6DAA = {
						CreatedOnToolsVersion = 11.2;
					};
					7E534DD3239D4C08002B6DAA = {
						CreatedOnToolsVersion = 11.2;
						TestTargetID = 7E534DBD239D4C07002B6DAA;
					};
				};
			};
			buildConfigurationList = 7E534DB9239D4C07002B6DAA /* Build configuration list for PBXProject "Photos" */;
			compatibilityVersion = "Xcode 9.3";
			developmentRegion = en;
			hasScannedForEncodings = 0;
			knownRegions = (
				en,
				Base,
			);
			mainGroup = 7E534DB5239D4C07002B6DAA;
			productRefGroup = 7E534DBF239D4C07002B6DAA /* Products */;
			projectDirPath = "";
			projectRoot = "";
			targets = (
				7E534DBD239D4C07002B6DAA /* Photos */,
				7E534DD3239D4C08002B6DAA /* PhotosTests */,
			);
		};
/* End PBXProject section */

/* Begin PBXResourcesBuildPhase section */
		7E534DBC239D4C07002B6DAA /* Resources */ = {
			isa = PBXResourcesBuildPhase;
			buildActionMask = 2147483647;
			files = (
				7E534DCE239D4C08002B6DAA /* LaunchScreen.storyboard in Resources */,
				7E534DCB239D4C08002B6DAA /* Assets.xcassets in Resources */,
				7E534DC9239D4C07002B6DAA /* Main.storyboard in Resources */,
			);
			runOnlyForDeploymentPostprocessing = 0;
		};
		7E534DD2239D4C08002B6DAA /* Resources */ = {
			isa = PBXResourcesBuildPhase;
			buildActionMask = 2147483647;
			files = (
			);
			runOnlyForDeploymentPostprocessing = 0;
		};
/* End PBXResourcesBuildPhase section */

/* Begin PBXSourcesBuildPhase section */
		7E534DBA239D4C07002B6DAA /* Sources */ = {
			isa = PBXSourcesBuildPhase;
			buildActionMask = 2147483647;
			files = (
				7E534DC6239D4C07002B6DAA /* ViewController.swift in Sources */,
				7E534DC2239D4C07002B6DAA /* AppDelegate.swift in Sources */,
				7E534DC4239D4C07002B6DAA /* SceneDelegate.swift in Sources */,
			);
			runOnlyForDeploymentPostprocessing = 0;
		};
		7E534DD0239D4C08002B6DAA /* Sources */ = {
			isa = PBXSourcesBuildPhase;
			buildActionMask = 2147483647;
			files = (
				7E534DD9239D4C08002B6DAA /* PhotosTests.swift in Sources */,
			);
			runOnlyForDeploymentPostprocessing = 0;
		};
/* End PBXSourcesBuildPhase section */

/* Begin PBXTargetDependency section */
		7E534DD6239D4C08002B6DAA /* PBXTargetDependency */ = {
			isa = PBXTargetDependency;
			target = 7E534DBD239D4C07002B6DAA /* Photos */;
			targetProxy = 7E534DD5239D4C08002B6DAA /* PBXContainerItemProxy */;
		};
/* End PBXTargetDependency section */

/* Begin PBXVariantGroup section */
		7E534DC7239D4C07002B6DAA /* Main.storyboard */ = {
			isa = PBXVariantGroup;
			children = (
				7E534DC8239D4C07002B6DAA /* Base */,
			);
			name = Main.storyboard;
			sourceTree = "<group>";
		};
		7E534DCC239D4C08002B6DAA /* LaunchScreen.storyboard */ = {
			isa = PBXVariantGroup;
			children = (
				7E534DCD239D4C08002B6DAA /* Base */,
			);
			name = LaunchScreen.storyboard;
			sourceTree = "<group>";
		};
/* End PBXVariantGroup section */

/* Begin XCBuildConfiguration section */
		7E534DDB239D4C08002B6DAA /* Debug */ = {
			isa = XCBuildConfiguration;
			buildSettings = {
				ALWAYS_SEARCH_USER_PATHS = NO;
				CLANG_ANALYZER_NONNULL = YES;
				CLANG_ANALYZER_NUMBER_OBJECT_CONVERSION = YES_AGGRESSIVE;
				CLANG_CXX_LANGUAGE_STANDARD = "gnu++14";
				CLANG_CXX_LIBRARY = "libc++";
				CLANG_ENABLE_MODULES = YES;
				CLANG_ENABLE_OBJC_ARC = YES;
				CLANG_ENABLE_OBJC_WEAK = YES;
				CLANG_WARN_BLOCK_CAPTURE_AUTORELEASING = YES;
				CLANG_WARN_BOOL_CONVERSION = YES;
				CLANG_WARN_COMMA = YES;
				CLANG_WARN_CONSTANT_CONVERSION = YES;
				CLANG_WARN_DEPRECATED_OBJC_IMPLEMENTATIONS = YES;
				CLANG_WARN_DIRECT_OBJC_ISA_USAGE = YES_ERROR;
				CLANG_WARN_DOCUMENTATION_COMMENTS = YES;
				CLANG_WARN_EMPTY_BODY = YES;
				CLANG_WARN_ENUM_CONVERSION = YES;
				CLANG_WARN_INFINITE_RECURSION = YES;
				CLANG_WARN_INT_CONVERSION = YES;
				CLANG_WARN_NON_LITERAL_NULL_CONVERSION = YES;
				CLANG_WARN_OBJC_IMPLICIT_RETAIN_SELF = YES;
				CLANG_WARN_OBJC_LITERAL_CONVERSION = YES;
				CLANG_WARN_OBJC_ROOT_CLASS = YES_ERROR;
				CLANG_WARN_RANGE_LOOP_ANALYSIS = YES;
				CLANG_WARN_STRICT_PROTOTYPES = YES;
				CLANG_WARN_SUSPICIOUS_MOVE = YES;
				CLANG_WARN_UNGUARDED_AVAILABILITY = YES_AGGRESSIVE;
				CLANG_WARN_UNREACHABLE_CODE = YES;
				CLANG_WARN__DUPLICATE_METHOD_MATCH = YES;
				COPY_PHASE_STRIP = NO;
				DEBUG_INFORMATION_FORMAT = dwarf;
				ENABLE_STRICT_OBJC_MSGSEND = YES;
				ENABLE_TESTABILITY = YES;
				GCC_C_LANGUAGE_STANDARD = gnu11;
				GCC_DYNAMIC_NO_PIC = NO;
				GCC_NO_COMMON_BLOCKS = YES;
				GCC_OPTIMIZATION_LEVEL = 0;
				GCC_PREPROCESSOR_DEFINITIONS = (
					"DEBUG=1",
					"$(inherited)",
				);
				GCC_WARN_64_TO_32_BIT_CONVERSION = YES;
				GCC_WARN_ABOUT_RETURN_TYPE = YES_ERROR;
				GCC_WARN_UNDECLARED_SELECTOR = YES;
				GCC_WARN_UNINITIALIZED_AUTOS = YES_AGGRESSIVE;
				GCC_WARN_UNUSED_FUNCTION = YES;
				GCC_WARN_UNUSED_VARIABLE = YES;
				IPHONEOS_DEPLOYMENT_TARGET = 13.2;
				MTL_ENABLE_DEBUG_INFO = INCLUDE_SOURCE;
				MTL_FAST_MATH = YES;
				ONLY_ACTIVE_ARCH = YES;
				SDKROOT = iphoneos;
				SWIFT_ACTIVE_COMPILATION_CONDITIONS = DEBUG;
				SWIFT_OPTIMIZATION_LEVEL = "-Onone";
			};
			name = Debug;
		};
		7E534DDC239D4C08002B6DAA /* Release */ = {
			isa = XCBuildConfiguration;
			buildSettings = {
				ALWAYS_SEARCH_USER_PATHS = NO;
				CLANG_ANALYZER_NONNULL = YES;
				CLANG_ANALYZER_NUMBER_OBJECT_CONVERSION = YES_AGGRESSIVE;
				CLANG_CXX_LANGUAGE_STANDARD = "gnu++14";
				CLANG_CXX_LIBRARY = "libc++";
				CLANG_ENABLE_MODULES = YES;
				CLANG_ENABLE_OBJC_ARC = YES;
				CLANG_ENABLE_OBJC_WEAK = YES;
				CLANG_WARN_BLOCK_CAPTURE_AUTORELEASING = YES;
				CLANG_WARN_BOOL_CONVERSION = YES;
				CLANG_WARN_COMMA = YES;
				CLANG_WARN_CONSTANT_CONVERSION = YES;
				CLANG_WARN_DEPRECATED_OBJC_IMPLEMENTATIONS = YES;
				CLANG_WARN_DIRECT_OBJC_ISA_USAGE = YES_ERROR;
				CLANG_WARN_DOCUMENTATION_COMMENTS = YES;
				CLANG_WARN_EMPTY_BODY = YES;
				CLANG_WARN_ENUM_CONVERSION = YES;
				CLANG_WARN_INFINITE_RECURSION = YES;
				CLANG_WARN_INT_CONVERSION = YES;
				CLANG_WARN_NON_LITERAL_NULL_CONVERSION = YES;
				CLANG_WARN_OBJC_IMPLICIT_RETAIN_SELF = YES;
				CLANG_WARN_OBJC_LITERAL_CONVERSION = YES;
				CLANG_WARN_OBJC_ROOT_CLASS = YES_ERROR;
				CLANG_WARN_RANGE_LOOP_ANALYSIS = YES;
				CLANG_WARN_STRICT_PROTOTYPES = YES;
				CLANG_WARN_SUSPICIOUS_MOVE = YES;
				CLANG_WARN_UNGUARDED_AVAILABILITY = YES_AGGRESSIVE;
				CLANG_WARN_UNREACHABLE_CODE = YES;
				CLANG_WARN__DUPLICATE_METHOD_MATCH = YES;
				COPY_PHASE_STRIP = NO;
				DEBUG_INFORMATION_FORMAT = "dwarf-with-dsym";
				ENABLE_NS_ASSERTIONS = NO;
				ENABLE_STRICT_OBJC_MSGSEND = YES;
				GCC_C_LANGUAGE_STANDARD = gnu11;
				GCC_NO_COMMON_BLOCKS = YES;
				GCC_WARN_64_TO_32_BIT_CONVERSION = YES;
				GCC_WARN_ABOUT_RETURN_TYPE = YES_ERROR;
				GCC_WARN_UNDECLARED_SELECTOR = YES;
				GCC_WARN_UNINITIALIZED_AUTOS = YES_AGGRESSIVE;
				GCC_WARN_UNUSED_FUNCTION = YES;
				GCC_WARN_UNUSED_VARIABLE = YES;
				IPHONEOS_DEPLOYMENT_TARGET = 13.2;
				MTL_ENABLE_DEBUG_INFO = NO;
				MTL_FAST_MATH = YES;
				SDKROOT = iphoneos;
				SWIFT_COMPILATION_MODE = wholemodule;
				SWIFT_OPTIMIZATION_LEVEL = "-O";
				VALIDATE_PRODUCT = YES;
			};
			name = Release;
		};
		7E534DDE239D4C08002B6DAA /* Debug */ = {
			isa = XCBuildConfiguration;
			buildSettings = {
				ASSETCATALOG_COMPILER_APPICON_NAME = AppIcon;
				CODE_SIGN_STYLE = Automatic;
				INFOPLIST_FILE = Photos/Info.plist;
				LD_RUNPATH_SEARCH_PATHS = (
					"$(inherited)",
					"@executable_path/Frameworks",
				);
				PRODUCT_BUNDLE_IDENTIFIER = com.Photos.Photos;
				PRODUCT_NAME = "$(TARGET_NAME)";
				SWIFT_VERSION = 5.0;
				TARGETED_DEVICE_FAMILY = "1,2";
			};
			name = Debug;
		};
		7E534DDF239D4C08002B6DAA /* Release */ = {
			isa = XCBuildConfiguration;
			buildSettings = {
				ASSETCATALOG_COMPILER_APPICON_NAME = AppIcon;
				CODE_SIGN_STYLE = Automatic;
				INFOPLIST_FILE = Photos/Info.plist;
				LD_RUNPATH_SEARCH_PATHS = (
					"$(inherited)",
					"@executable_path/Frameworks",
				);
				PRODUCT_BUNDLE_IDENTIFIER = com.Photos.Photos;
				PRODUCT_NAME = "$(TARGET_NAME)";
				SWIFT_VERSION = 5.0;
				TARGETED_DEVICE_FAMILY = "1,2";
			};
			name = Release;
		};
		7E534DE1239D4C08002B6DAA /* Debug */ = {
			isa = XCBuildConfiguration;
			buildSettings = {
				ALWAYS_EMBED_SWIFT_STANDARD_LIBRARIES = YES;
				BUNDLE_LOADER = "$(TEST_HOST)";
				CODE_SIGN_STYLE = Automatic;
				INFOPLIST_FILE = PhotosTests/Info.plist;
				IPHONEOS_DEPLOYMENT_TARGET = 13.2;
				LD_RUNPATH_SEARCH_PATHS = (
					"$(inherited)",
					"@executable_path/Frameworks",
					"@loader_path/Frameworks",
				);
				PRODUCT_BUNDLE_IDENTIFIER = com.Photos.PhotosTests;
				PRODUCT_NAME = "$(TARGET_NAME)";
				SWIFT_VERSION = 5.0;
				TARGETED_DEVICE_FAMILY = "1,2";
				TEST_HOST = "$(BUILT_PRODUCTS_DIR)/Photos.app/Photos";
			};
			name = Debug;
		};
		7E534DE2239D4C08002B6DAA /* Release */ = {
			isa = XCBuildConfiguration;
			buildSettings = {
				ALWAYS_EMBED_SWIFT_STANDARD_LIBRARIES = YES;
				BUNDLE_LOADER = "$(TEST_HOST)";
				CODE_SIGN_STYLE = Automatic;
				INFOPLIST_FILE = PhotosTests/Info.plist;
				IPHONEOS_DEPLOYMENT_TARGET = 13.2;
				LD_RUNPATH_SEARCH_PATHS = (
					"$(inherited)",
					"@executable_path/Frameworks",
					"@loader_path/Frameworks",
				);
				PRODUCT_BUNDLE_IDENTIFIER = com.Photos.PhotosTests;
				PRODUCT_NAME = "$(TARGET_NAME)";
				SWIFT_VERSION = 5.0;
				TARGETED_DEVICE_FAMILY = "1,2";
				TEST_HOST = "$(BUILT_PRODUCTS_DIR)/Photos.app/Photos";
			};
			name = Release;
		};
/* End XCBuildConfiguration section */

/* Begin XCConfigurationList section */
		7E534DB9239D4C07002B6DAA /* Build configuration list for PBXProject "Photos" */ = {
			isa = XCConfigurationList;
			buildConfigurations = (
				7E534DDB239D4C08002B6DAA /* Debug */,
				7E534DDC239D4C08002B6DAA /* Release */,
			);
			defaultConfigurationIsVisible = 0;
			defaultConfigurationName = Release;
		};
		7E534DDD239D4C08002B6DAA /* Build configuration list for PBXNativeTarget "Photos" */ = {
			isa = XCConfigurationList;
			buildConfigurations = (
				7E534DDE239D4C08002B6DAA /* Debug */,
				7E534DDF239D4C08002B6DAA /* Release */,
			);
			defaultConfigurationIsVisible = 0;
			defaultConfigurationName = Release;
		};
		7E534DE0239D4C08002B6DAA /* Build configuration list for PBXNativeTarget "PhotosTests" */ = {
			isa = XCConfigurationList;
			buildConfigurations = (
				7E534DE1239D4C08002B6DAA /* Debug */,
				7E534DE2239D4C08002B6DAA /* Release */,
			);
			defaultConfigurationIsVisible = 0;
			defaultConfigurationName = Release;
		};
/* End XCConfigurationList section */
	};
	rootObject = 7E534DB6239D4C07002B6DAA /* Project object */;
}
